
Microsoft Visual Studio Solution File, Format Version 12.00
# Visual Studio 15
VisualStudioVersion = 15.0.28307.421
MinimumVisualStudioVersion = 10.0.40219.1
Project("{FAE04EC0-301F-11D3-BF4B-00C04F79EFBC}") = "Mazfinal2", "Mazfinal2\Mazfinal2.csproj", "{363E1A85-7916-4511-86FF-33F33C4E58AD}"
EndProject
Global
	GlobalSection(SolutionConfigurationPlatforms) = preSolution
		Debug|Any CPU = Debug|Any CPU
		Release|Any CPU = Release|Any CPU
	EndGlobalSection
	GlobalSection(ProjectConfigurationPlatforms) = postSolution
		{363E1A85-7916-4511-86FF-33F33C4E58AD}.Debug|Any CPU.ActiveCfg = Debug|Any CPU
		{363E1A85-7916-4511-86FF-33F33C4E58AD}.Debug|Any CPU.Build.0 = Debug|Any CPU
		{363E1A85-7916-4511-86FF-33F33C4E58AD}.Release|Any CPU.ActiveCfg = Release|Any CPU
		{363E1A85-7916-4511-86FF-33F33C4E58AD}.Release|Any CPU.Build.0 = Release|Any CPU
	EndGlobalSection
	GlobalSection(SolutionProperties) = preSolution
		HideSolutionNode = FALSE
	EndGlobalSection
	GlobalSection(ExtensibilityGlobals) = postSolution
		SolutionGuid = {0EB6D267-364E-47F2-AA15-710754D27D23}
	EndGlobalSection
EndGlobal
